// !$*UTF8*$!
{
	archiveVersion = 1;
	classes = {
	};
	objectVersion = 50;
	objects = {

/* Begin PBXBuildFile section */
		31804E812716958C00E49CD7 /* Settings View Controller.swift in Sources */ = {isa = PBXBuildFile; fileRef = 31804E802716958C00E49CD7 /* Settings View Controller.swift */; };
		31E15D66271415B7009ACFC2 /* AppDelegate.swift in Sources */ = {isa = PBXBuildFile; fileRef = 31E15D65271415B7009ACFC2 /* AppDelegate.swift */; };
		31E15D68271415B7009ACFC2 /* SceneDelegate.swift in Sources */ = {isa = PBXBuildFile; fileRef = 31E15D67271415B7009ACFC2 /* SceneDelegate.swift */; };
		31E15D6A271415B7009ACFC2 /* TipsViewController.swift in Sources */ = {isa = PBXBuildFile; fileRef = 31E15D69271415B7009ACFC2 /* TipsViewController.swift */; };
		31E15D6D271415B7009ACFC2 /* Main.storyboard in Resources */ = {isa = PBXBuildFile; fileRef = 31E15D6B271415B7009ACFC2 /* Main.storyboard */; };
		31E15D6F271415B8009ACFC2 /* Assets.xcassets in Resources */ = {isa = PBXBuildFile; fileRef = 31E15D6E271415B8009ACFC2 /* Assets.xcassets */; };
		31E15D72271415B8009ACFC2 /* LaunchScreen.storyboard in Resources */ = {isa = PBXBuildFile; fileRef = 31E15D70271415B8009ACFC2 /* LaunchScreen.storyboard */; };
		31E15D7D271415B8009ACFC2 /* PreworkTests.swift in Sources */ = {isa = PBXBuildFile; fileRef = 31E15D7C271415B8009ACFC2 /* PreworkTests.swift */; };
		31E15D88271415B8009ACFC2 /* PreworkUITests.swift in Sources */ = {isa = PBXBuildFile; fileRef = 31E15D87271415B8009ACFC2 /* PreworkUITests.swift */; };
/* End PBXBuildFile section */

/* Begin PBXContainerItemProxy section */
		31E15D79271415B8009ACFC2 /* PBXContainerItemProxy */ = {
			isa = PBXContainerItemProxy;
			containerPortal = 31E15D5A271415B7009ACFC2 /* Project object */;
			proxyType = 1;
			remoteGlobalIDString = 31E15D61271415B7009ACFC2;
			remoteInfo = Prework;
		};
		31E15D84271415B8009ACFC2 /* PBXContainerItemProxy */ = {
			isa = PBXContainerItemProxy;
			containerPortal = 31E15D5A271415B7009ACFC2 /* Project object */;
			proxyType = 1;
			remoteGlobalIDString = 31E15D61271415B7009ACFC2;
			remoteInfo = Prework;
		};
/* End PBXContainerItemProxy section */

/* Begin PBXFileReference section */
		31804E802716958C00E49CD7 /* Settings View Controller.swift */ = {isa = PBXFileReference; lastKnownFileType = sourcecode.swift; path = "Settings View Controller.swift"; sourceTree = "<group>"; };
		31E15D62271415B7009ACFC2 /* Prework.app */ = {isa = PBXFileReference; explicitFileType = wrapper.application; includeInIndex = 0; path = Prework.app; sourceTree = BUILT_PRODUCTS_DIR; };
		31E15D65271415B7009ACFC2 /* AppDelegate.swift */ = {isa = PBXFileReference; lastKnownFileType = sourcecode.swift; path = AppDelegate.swift; sourceTree = "<group>"; };
		31E15D67271415B7009ACFC2 /* SceneDelegate.swift */ = {isa = PBXFileReference; lastKnownFileType = sourcecode.swift; path = SceneDelegate.swift; sourceTree = "<group>"; };
		31E15D69271415B7009ACFC2 /* TipsViewController.swift */ = {isa = PBXFileReference; lastKnownFileType = sourcecode.swift; path = TipsViewController.swift; sourceTree = "<group>"; };
		31E15D6C271415B7009ACFC2 /* Base */ = {isa = PBXFileReference; lastKnownFileType = file.storyboard; name = Base; path = Base.lproj/Main.storyboard; sourceTree = "<group>"; };
		31E15D6E271415B8009ACFC2 /* Assets.xcassets */ = {isa = PBXFileReference; lastKnownFileType = folder.assetcatalog; path = Assets.xcassets; sourceTree = "<group>"; };
		31E15D71271415B8009ACFC2 /* Base */ = {isa = PBXFileReference; lastKnownFileType = file.storyboard; name = Base; path = Base.lproj/LaunchScreen.storyboard; sourceTree = "<group>"; };
		31E15D73271415B8009ACFC2 /* Info.plist */ = {isa = PBXFileReference; lastKnownFileType = text.plist.xml; path = Info.plist; sourceTree = "<group>"; };
		31E15D78271415B8009ACFC2 /* PreworkTests.xctest */ = {isa = PBXFileReference; explicitFileType = wrapper.cfbundle; includeInIndex = 0; path = PreworkTests.xctest; sourceTree = BUILT_PRODUCTS_DIR; };
		31E15D7C271415B8009ACFC2 /* PreworkTests.swift */ = {isa = PBXFileReference; lastKnownFileType = sourcecode.swift; path = PreworkTests.swift; sourceTree = "<group>"; };
		31E15D7E271415B8009ACFC2 /* Info.plist */ = {isa = PBXFileReference; lastKnownFileType = text.plist.xml; path = Info.plist; sourceTree = "<group>"; };
		31E15D83271415B8009ACFC2 /* PreworkUITests.xctest */ = {isa = PBXFileReference; explicitFileType = wrapper.cfbundle; includeInIndex = 0; path = PreworkUITests.xctest; sourceTree = BUILT_PRODUCTS_DIR; };
		31E15D87271415B8009ACFC2 /* PreworkUITests.swift */ = {isa = PBXFileReference; lastKnownFileType = sourcecode.swift; path = PreworkUITests.swift; sourceTree = "<group>"; };
		31E15D89271415B8009ACFC2 /* Info.plist */ = {isa = PBXFileReference; lastKnownFileType = text.plist.xml; path = Info.plist; sourceTree = "<group>"; };
/* End PBXFileReference section */

/* Begin PBXFrameworksBuildPhase section */
		31E15D5F271415B7009ACFC2 /* Frameworks */ = {
			isa = PBXFrameworksBuildPhase;
			buildActionMask = 2147483647;
			files = (
			);
			runOnlyForDeploymentPostprocessing = 0;
		};
		31E15D75271415B8009ACFC2 /* Frameworks */ = {
			isa = PBXFrameworksBuildPhase;
			buildActionMask = 2147483647;
			files = (
			);
			runOnlyForDeploymentPostprocessing = 0;
		};
		31E15D80271415B8009ACFC2 /* Frameworks */ = {
			isa = PBXFrameworksBuildPhase;
			buildActionMask = 2147483647;
			files = (
			);
			runOnlyForDeploymentPostprocessing = 0;
		};
/* End PBXFrameworksBuildPhase section */

/* Begin PBXGroup section */
		31E15D59271415B7009ACFC2 = {
			isa = PBXGroup;
			children = (
				31E15D64271415B7009ACFC2 /* Prework */,
				31E15D7B271415B8009ACFC2 /* PreworkTests */,
				31E15D86271415B8009ACFC2 /* PreworkUITests */,
				31E15D63271415B7009ACFC2 /* Products */,
			);
			sourceTree = "<group>";
		};
		31E15D63271415B7009ACFC2 /* Products */ = {
			isa = PBXGroup;
			children = (
				31E15D62271415B7009ACFC2 /* Prework.app */,
				31E15D78271415B8009ACFC2 /* PreworkTests.xctest */,
				31E15D83271415B8009ACFC2 /* PreworkUITests.xctest */,
			);
			name = Products;
			sourceTree = "<group>";
		};
		31E15D64271415B7009ACFC2 /* Prework */ = {
			isa = PBXGroup;
			children = (
				31E15D65271415B7009ACFC2 /* AppDelegate.swift */,
				31E15D67271415B7009ACFC2 /* SceneDelegate.swift */,
				31E15D69271415B7009ACFC2 /* TipsViewController.swift */,
				31E15D6B271415B7009ACFC2 /* Main.storyboard */,
				31804E802716958C00E49CD7 /* Settings View Controller.swift */,
				31E15D6E271415B8009ACFC2 /* Assets.xcassets */,
				31E15D70271415B8009ACFC2 /* LaunchScreen.storyboard */,
				31E15D73271415B8009ACFC2 /* Info.plist */,
			);
			path = Prework;
			sourceTree = "<group>";
		};
		31E15D7B271415B8009ACFC2 /* PreworkTests */ = {
			isa = PBXGroup;
			children = (
				31E15D7C271415B8009ACFC2 /* PreworkTests.swift */,
				31E15D7E271415B8009ACFC2 /* Info.plist */,
			);
			path = PreworkTests;
			sourceTree = "<group>";
		};
		31E15D86271415B8009ACFC2 /* PreworkUITests */ = {
			isa = PBXGroup;
			children = (
				31E15D87271415B8009ACFC2 /* PreworkUITests.swift */,
				31E15D89271415B8009ACFC2 /* Info.plist */,
			);
			path = PreworkUITests;
			sourceTree = "<group>";
		};
/* End PBXGroup section */

/* Begin PBXNativeTarget section */
		31E15D61271415B7009ACFC2 /* Prework */ = {
			isa = PBXNativeTarget;
			buildConfigurationList = 31E15D8C271415B8009ACFC2 /* Build configuration list for PBXNativeTarget "Prework" */;
			buildPhases = (
				31E15D5E271415B7009ACFC2 /* Sources */,
				31E15D5F271415B7009ACFC2 /* Frameworks */,
				31E15D60271415B7009ACFC2 /* Resources */,
			);
			buildRules = (
			);
			dependencies = (
			);
			name = Prework;
			productName = Prework;
			productReference = 31E15D62271415B7009ACFC2 /* Prework.app */;
			productType = "com.apple.product-type.application";
		};
		31E15D77271415B8009ACFC2 /* PreworkTests */ = {
			isa = PBXNativeTarget;
			buildConfigurationList = 31E15D8F271415B8009ACFC2 /* Build configuration list for PBXNativeTarget "PreworkTests" */;
			buildPhases = (
				31E15D74271415B8009ACFC2 /* Sources */,
				31E15D75271415B8009ACFC2 /* Frameworks */,
				31E15D76271415B8009ACFC2 /* Resources */,
			);
			buildRules = (
			);
			dependencies = (
				31E15D7A271415B8009ACFC2 /* PBXTargetDependency */,
			);
			name = PreworkTests;
			productName = PreworkTests;
			productReference = 31E15D78271415B8009ACFC2 /* PreworkTests.xctest */;
			productType = "com.apple.product-type.bundle.unit-test";
		};
		31E15D82271415B8009ACFC2 /* PreworkUITests */ = {
			isa = PBXNativeTarget;
			buildConfigurationList = 31E15D92271415B8009ACFC2 /* Build configuration list for PBXNativeTarget "PreworkUITests" */;
			buildPhases = (
				31E15D7F271415B8009ACFC2 /* Sources */,
				31E15D80271415B8009ACFC2 /* Frameworks */,
				31E15D81271415B8009ACFC2 /* Resources */,
			);
			buildRules = (
			);
			dependencies = (
				31E15D85271415B8009ACFC2 /* PBXTargetDependency */,
			);
			name = PreworkUITests;
			productName = PreworkUITests;
			productReference = 31E15D83271415B8009ACFC2 /* PreworkUITests.xctest */;
			productType = "com.apple.product-type.bundle.ui-testing";
		};
/* End PBXNativeTarget section */

/* Begin PBXProject section */
		31E15D5A271415B7009ACFC2 /* Project object */ = {
			isa = PBXProject;
			attributes = {
				LastSwiftUpdateCheck = 1250;
				LastUpgradeCheck = 1250;
				TargetAttributes = {
					31E15D61271415B7009ACFC2 = {
						CreatedOnToolsVersion = 12.5.1;
					};
					31E15D77271415B8009ACFC2 = {
						CreatedOnToolsVersion = 12.5.1;
						TestTargetID = 31E15D61271415B7009ACFC2;
					};
					31E15D82271415B8009ACFC2 = {
						CreatedOnToolsVersion = 12.5.1;
						TestTargetID = 31E15D61271415B7009ACFC2;
					};
				};
			};
			buildConfigurationList = 31E15D5D271415B7009ACFC2 /* Build configuration list for PBXProject "Prework" */;
			compatibilityVersion = "Xcode 9.3";
			developmentRegion = en;
			hasScannedForEncodings = 0;
			knownRegions = (
				en,
				Base,
			);
			mainGroup = 31E15D59271415B7009ACFC2;
			productRefGroup = 31E15D63271415B7009ACFC2 /* Products */;
			projectDirPath = "";
			projectRoot = "";
			targets = (
				31E15D61271415B7009ACFC2 /* Prework */,
				31E15D77271415B8009ACFC2 /* PreworkTests */,
				31E15D82271415B8009ACFC2 /* PreworkUITests */,
			);
		};
/* End PBXProject section */

/* Begin PBXResourcesBuildPhase section */
		31E15D60271415B7009ACFC2 /* Resources */ = {
			isa = PBXResourcesBuildPhase;
			buildActionMask = 2147483647;
			files = (
				31E15D72271415B8009ACFC2 /* LaunchScreen.storyboard in Resources */,
				31E15D6F271415B8009ACFC2 /* Assets.xcassets in Resources */,
				31E15D6D271415B7009ACFC2 /* Main.storyboard in Resources */,
			);
			runOnlyForDeploymentPostprocessing = 0;
		};
		31E15D76271415B8009ACFC2 /* Resources */ = {
			isa = PBXResourcesBuildPhase;
			buildActionMask = 2147483647;
			files = (
			);
			runOnlyForDeploymentPostprocessing = 0;
		};
		31E15D81271415B8009ACFC2 /* Resources */ = {
			isa = PBXResourcesBuildPhase;
			buildActionMask = 2147483647;
			files = (
			);
			runOnlyForDeploymentPostprocessing = 0;
		};
/* End PBXResourcesBuildPhase section */

/* Begin PBXSourcesBuildPhase section */
		31E15D5E271415B7009ACFC2 /* Sources */ = {
			isa = PBXSourcesBuildPhase;
			buildActionMask = 2147483647;
			files = (
				31E15D6A271415B7009ACFC2 /* TipsViewController.swift in Sources */,
				31804E812716958C00E49CD7 /* Settings View Controller.swift in Sources */,
				31E15D66271415B7009ACFC2 /* AppDelegate.swift in Sources */,
				31E15D68271415B7009ACFC2 /* SceneDelegate.swift in Sources */,
			);
			runOnlyForDeploymentPostprocessing = 0;
		};
		31E15D74271415B8009ACFC2 /* Sources */ = {
			isa = PBXSourcesBuildPhase;
			buildActionMask = 2147483647;
			files = (
				31E15D7D271415B8009ACFC2 /* PreworkTests.swift in Sources */,
			);
			runOnlyForDeploymentPostprocessing = 0;
		};
		31E15D7F271415B8009ACFC2 /* Sources */ = {
			isa = PBXSourcesBuildPhase;
			buildActionMask = 2147483647;
			files = (
				31E15D88271415B8009ACFC2 /* PreworkUITests.swift in Sources */,
			);
			runOnlyForDeploymentPostprocessing = 0;
		};
/* End PBXSourcesBuildPhase section */

/* Begin PBXTargetDependency section */
		31E15D7A271415B8009ACFC2 /* PBXTargetDependency */ = {
			isa = PBXTargetDependency;
			target = 31E15D61271415B7009ACFC2 /* Prework */;
			targetProxy = 31E15D79271415B8009ACFC2 /* PBXContainerItemProxy */;
		};
		31E15D85271415B8009ACFC2 /* PBXTargetDependency */ = {
			isa = PBXTargetDependency;
			target = 31E15D61271415B7009ACFC2 /* Prework */;
			targetProxy = 31E15D84271415B8009ACFC2 /* PBXContainerItemProxy */;
		};
/* End PBXTargetDependency section */

/* Begin PBXVariantGroup section */
		31E15D6B271415B7009ACFC2 /* Main.storyboard */ = {
			isa = PBXVariantGroup;
			children = (
				31E15D6C271415B7009ACFC2 /* Base */,
			);
			name = Main.storyboard;
			sourceTree = "<group>";
		};
		31E15D70271415B8009ACFC2 /* LaunchScreen.storyboard */ = {
			isa = PBXVariantGroup;
			children = (
				31E15D71271415B8009ACFC2 /* Base */,
			);
			name = LaunchScreen.storyboard;
			sourceTree = "<group>";
		};
/* End PBXVariantGroup section */

/* Begin XCBuildConfiguration section */
		31E15D8A271415B8009ACFC2 /* Debug */ = {
			isa = XCBuildConfiguration;
			buildSettings = {
				ALWAYS_SEARCH_USER_PATHS = NO;
				CLANG_ANALYZER_NONNULL = YES;
				CLANG_ANALYZER_NUMBER_OBJECT_CONVERSION = YES_AGGRESSIVE;
				CLANG_CXX_LANGUAGE_STANDARD = "gnu++14";
				CLANG_CXX_LIBRARY = "libc++";
				CLANG_ENABLE_MODULES = YES;
				CLANG_ENABLE_OBJC_ARC = YES;
				CLANG_ENABLE_OBJC_WEAK = YES;
				CLANG_WARN_BLOCK_CAPTURE_AUTORELEASING = YES;
				CLANG_WARN_BOOL_CONVERSION = YES;
				CLANG_WARN_COMMA = YES;
				CLANG_WARN_CONSTANT_CONVERSION = YES;
				CLANG_WARN_DEPRECATED_OBJC_IMPLEMENTATIONS = YES;
				CLANG_WARN_DIRECT_OBJC_ISA_USAGE = YES_ERROR;
				CLANG_WARN_DOCUMENTATION_COMMENTS = YES;
				CLANG_WARN_EMPTY_BODY = YES;
				CLANG_WARN_ENUM_CONVERSION = YES;
				CLANG_WARN_INFINITE_RECURSION = YES;
				CLANG_WARN_INT_CONVERSION = YES;
				CLANG_WARN_NON_LITERAL_NULL_CONVERSION = YES;
				CLANG_WARN_OBJC_IMPLICIT_RETAIN_SELF = YES;
				CLANG_WARN_OBJC_LITERAL_CONVERSION = YES;
				CLANG_WARN_OBJC_ROOT_CLASS = YES_ERROR;
				CLANG_WARN_QUOTED_INCLUDE_IN_FRAMEWORK_HEADER = YES;
				CLANG_WARN_RANGE_LOOP_ANALYSIS = YES;
				CLANG_WARN_STRICT_PROTOTYPES = YES;
				CLANG_WARN_SUSPICIOUS_MOVE = YES;
				CLANG_WARN_UNGUARDED_AVAILABILITY = YES_AGGRESSIVE;
				CLANG_WARN_UNREACHABLE_CODE = YES;
				CLANG_WARN__DUPLICATE_METHOD_MATCH = YES;
				COPY_PHASE_STRIP = NO;
				DEBUG_INFORMATION_FORMAT = dwarf;
				ENABLE_STRICT_OBJC_MSGSEND = YES;
				ENABLE_TESTABILITY = YES;
				GCC_C_LANGUAGE_STANDARD = gnu11;
				GCC_DYNAMIC_NO_PIC = NO;
				GCC_NO_COMMON_BLOCKS = YES;
				GCC_OPTIMIZATION_LEVEL = 0;
				GCC_PREPROCESSOR_DEFINITIONS = (
					"DEBUG=1",
					"$(inherited)",
				);
				GCC_WARN_64_TO_32_BIT_CONVERSION = YES;
				GCC_WARN_ABOUT_RETURN_TYPE = YES_ERROR;
				GCC_WARN_UNDECLARED_SELECTOR = YES;
				GCC_WARN_UNINITIALIZED_AUTOS = YES_AGGRESSIVE;
				GCC_WARN_UNUSED_FUNCTION = YES;
				GCC_WARN_UNUSED_VARIABLE = YES;
				IPHONEOS_DEPLOYMENT_TARGET = 14.5;
				MTL_ENABLE_DEBUG_INFO = INCLUDE_SOURCE;
				MTL_FAST_MATH = YES;
				ONLY_ACTIVE_ARCH = YES;
				SDKROOT = iphoneos;
				SWIFT_ACTIVE_COMPILATION_CONDITIONS = DEBUG;
				SWIFT_OPTIMIZATION_LEVEL = "-Onone";
			};
			name = Debug;
		};
		31E15D8B271415B8009ACFC2 /* Release */ = {
			isa = XCBuildConfiguration;
			buildSettings = {
				ALWAYS_SEARCH_USER_PATHS = NO;
				CLANG_ANALYZER_NONNULL = YES;
				CLANG_ANALYZER_NUMBER_OBJECT_CONVERSION = YES_AGGRESSIVE;
				CLANG_CXX_LANGUAGE_STANDARD = "gnu++14";
				CLANG_CXX_LIBRARY = "libc++";
				CLANG_ENABLE_MODULES = YES;
				CLANG_ENABLE_OBJC_ARC = YES;
				CLANG_ENABLE_OBJC_WEAK = YES;
				CLANG_WARN_BLOCK_CAPTURE_AUTORELEASING = YES;
				CLANG_WARN_BOOL_CONVERSION = YES;
				CLANG_WARN_COMMA = YES;
				CLANG_WARN_CONSTANT_CONVERSION = YES;
				CLANG_WARN_DEPRECATED_OBJC_IMPLEMENTATIONS = YES;
				CLANG_WARN_DIRECT_OBJC_ISA_USAGE = YES_ERROR;
				CLANG_WARN_DOCUMENTATION_COMMENTS = YES;
				CLANG_WARN_EMPTY_BODY = YES;
				CLANG_WARN_ENUM_CONVERSION = YES;
				CLANG_WARN_INFINITE_RECURSION = YES;
				CLANG_WARN_INT_CONVERSION = YES;
				CLANG_WARN_NON_LITERAL_NULL_CONVERSION = YES;
				CLANG_WARN_OBJC_IMPLICIT_RETAIN_SELF = YES;
				CLANG_WARN_OBJC_LITERAL_CONVERSION = YES;
				CLANG_WARN_OBJC_ROOT_CLASS = YES_ERROR;
				CLANG_WARN_QUOTED_INCLUDE_IN_FRAMEWORK_HEADER = YES;
				CLANG_WARN_RANGE_LOOP_ANALYSIS = YES;
				CLANG_WARN_STRICT_PROTOTYPES = YES;
				CLANG_WARN_SUSPICIOUS_MOVE = YES;
				CLANG_WARN_UNGUARDED_AVAILABILITY = YES_AGGRESSIVE;
				CLANG_WARN_UNREACHABLE_CODE = YES;
				CLANG_WARN__DUPLICATE_METHOD_MATCH = YES;
				COPY_PHASE_STRIP = NO;
				DEBUG_INFORMATION_FORMAT = "dwarf-with-dsym";
				ENABLE_NS_ASSERTIONS = NO;
				ENABLE_STRICT_OBJC_MSGSEND = YES;
				GCC_C_LANGUAGE_STANDARD = gnu11;
				GCC_NO_COMMON_BLOCKS = YES;
				GCC_WARN_64_TO_32_BIT_CONVERSION = YES;
				GCC_WARN_ABOUT_RETURN_TYPE = YES_ERROR;
				GCC_WARN_UNDECLARED_SELECTOR = YES;
				GCC_WARN_UNINITIALIZED_AUTOS = YES_AGGRESSIVE;
				GCC_WARN_UNUSED_FUNCTION = YES;
				GCC_WARN_UNUSED_VARIABLE = YES;
				IPHONEOS_DEPLOYMENT_TARGET = 14.5;
				MTL_ENABLE_DEBUG_INFO = NO;
				MTL_FAST_MATH = YES;
				SDKROOT = iphoneos;
				SWIFT_COMPILATION_MODE = wholemodule;
				SWIFT_OPTIMIZATION_LEVEL = "-O";
				VALIDATE_PRODUCT = YES;
			};
			name = Release;
		};
		31E15D8D271415B8009ACFC2 /* Debug */ = {
			isa = XCBuildConfiguration;
			buildSettings = {
				ASSETCATALOG_COMPILER_APPICON_NAME = AppIcon;
				ASSETCATALOG_COMPILER_GLOBAL_ACCENT_COLOR_NAME = AccentColor;
				CODE_SIGN_STYLE = Automatic;
				INFOPLIST_FILE = Prework/Info.plist;
				LD_RUNPATH_SEARCH_PATHS = (
					"$(inherited)",
					"@executable_path/Frameworks",
				);
				PRODUCT_BUNDLE_IDENTIFIER = jonathanBallona.Prework;
				PRODUCT_NAME = "$(TARGET_NAME)";
				SWIFT_VERSION = 5.0;
				TARGETED_DEVICE_FAMILY = "1,2";
			};
			name = Debug;
		};
		31E15D8E271415B8009ACFC2 /* Release */ = {
			isa = XCBuildConfiguration;
			buildSettings = {
				ASSETCATALOG_COMPILER_APPICON_NAME = AppIcon;
				ASSETCATALOG_COMPILER_GLOBAL_ACCENT_COLOR_NAME = AccentColor;
				CODE_SIGN_STYLE = Automatic;
				INFOPLIST_FILE = Prework/Info.plist;
				LD_RUNPATH_SEARCH_PATHS = (
					"$(inherited)",
					"@executable_path/Frameworks",
				);
				PRODUCT_BUNDLE_IDENTIFIER = jonathanBallona.Prework;
				PRODUCT_NAME = "$(TARGET_NAME)";
				SWIFT_VERSION = 5.0;
				TARGETED_DEVICE_FAMILY = "1,2";
			};
			name = Release;
		};
		31E15D90271415B8009ACFC2 /* Debug */ = {
			isa = XCBuildConfiguration;
			buildSettings = {
				ALWAYS_EMBED_SWIFT_STANDARD_LIBRARIES = YES;
				BUNDLE_LOADER = "$(TEST_HOST)";
				CODE_SIGN_STYLE = Automatic;
				INFOPLIST_FILE = PreworkTests/Info.plist;
				IPHONEOS_DEPLOYMENT_TARGET = 14.5;
				LD_RUNPATH_SEARCH_PATHS = (
					"$(inherited)",
					"@executable_path/Frameworks",
					"@loader_path/Frameworks",
				);
				PRODUCT_BUNDLE_IDENTIFIER = jonathanBallona.PreworkTests;
				PRODUCT_NAME = "$(TARGET_NAME)";
				SWIFT_VERSION = 5.0;
				TARGETED_DEVICE_FAMILY = "1,2";
				TEST_HOST = "$(BUILT_PRODUCTS_DIR)/Prework.app/Prework";
			};
			name = Debug;
		};
		31E15D91271415B8009ACFC2 /* Release */ = {
			isa = XCBuildConfiguration;
			buildSettings = {
				ALWAYS_EMBED_SWIFT_STANDARD_LIBRARIES = YES;
				BUNDLE_LOADER = "$(TEST_HOST)";
				CODE_SIGN_STYLE = Automatic;
				INFOPLIST_FILE = PreworkTests/Info.plist;
				IPHONEOS_DEPLOYMENT_TARGET = 14.5;
				LD_RUNPATH_SEARCH_PATHS = (
					"$(inherited)",
					"@executable_path/Frameworks",
					"@loader_path/Frameworks",
				);
				PRODUCT_BUNDLE_IDENTIFIER = jonathanBallona.PreworkTests;
				PRODUCT_NAME = "$(TARGET_NAME)";
				SWIFT_VERSION = 5.0;
				TARGETED_DEVICE_FAMILY = "1,2";
				TEST_HOST = "$(BUILT_PRODUCTS_DIR)/Prework.app/Prework";
			};
			name = Release;
		};
		31E15D93271415B8009ACFC2 /* Debug */ = {
			isa = XCBuildConfiguration;
			buildSettings = {
				ALWAYS_EMBED_SWIFT_STANDARD_LIBRARIES = YES;
				CODE_SIGN_STYLE = Automatic;
				INFOPLIST_FILE = PreworkUITests/Info.plist;
				LD_RUNPATH_SEARCH_PATHS = (
					"$(inherited)",
					"@executable_path/Frameworks",
					"@loader_path/Frameworks",
				);
				PRODUCT_BUNDLE_IDENTIFIER = jonathanBallona.PreworkUITests;
				PRODUCT_NAME = "$(TARGET_NAME)";
				SWIFT_VERSION = 5.0;
				TARGETED_DEVICE_FAMILY = "1,2";
				TEST_TARGET_NAME = Prework;
			};
			name = Debug;
		};
		31E15D94271415B8009ACFC2 /* Release */ = {
			isa = XCBuildConfiguration;
			buildSettings = {
				ALWAYS_EMBED_SWIFT_STANDARD_LIBRARIES = YES;
				CODE_SIGN_STYLE = Automatic;
				INFOPLIST_FILE = PreworkUITests/Info.plist;
				LD_RUNPATH_SEARCH_PATHS = (
					"$(inherited)",
					"@executable_path/Frameworks",
					"@loader_path/Frameworks",
				);
				PRODUCT_BUNDLE_IDENTIFIER = jonathanBallona.PreworkUITests;
				PRODUCT_NAME = "$(TARGET_NAME)";
				SWIFT_VERSION = 5.0;
				TARGETED_DEVICE_FAMILY = "1,2";
				TEST_TARGET_NAME = Prework;
			};
			name = Release;
		};
/* End XCBuildConfiguration section */

/* Begin XCConfigurationList section */
		31E15D5D271415B7009ACFC2 /* Build configuration list for PBXProject "Prework" */ = {
			isa = XCConfigurationList;
			buildConfigurations = (
				31E15D8A271415B8009ACFC2 /* Debug */,
				31E15D8B271415B8009ACFC2 /* Release */,
			);
			defaultConfigurationIsVisible = 0;
			defaultConfigurationName = Release;
		};
		31E15D8C271415B8009ACFC2 /* Build configuration list for PBXNativeTarget "Prework" */ = {
			isa = XCConfigurationList;
			buildConfigurations = (
				31E15D8D271415B8009ACFC2 /* Debug */,
				31E15D8E271415B8009ACFC2 /* Release */,
			);
			defaultConfigurationIsVisible = 0;
			defaultConfigurationName = Release;
		};
		31E15D8F271415B8009ACFC2 /* Build configuration list for PBXNativeTarget "PreworkTests" */ = {
			isa = XCConfigurationList;
			buildConfigurations = (
				31E15D90271415B8009ACFC2 /* Debug */,
				31E15D91271415B8009ACFC2 /* Release */,
			);
			defaultConfigurationIsVisible = 0;
			defaultConfigurationName = Release;
		};
		31E15D92271415B8009ACFC2 /* Build configuration list for PBXNativeTarget "PreworkUITests" */ = {
			isa = XCConfigurationList;
			buildConfigurations = (
				31E15D93271415B8009ACFC2 /* Debug */,
				31E15D94271415B8009ACFC2 /* Release */,
			);
			defaultConfigurationIsVisible = 0;
			defaultConfigurationName = Release;
		};
/* End XCConfigurationList section */
	};
	rootObject = 31E15D5A271415B7009ACFC2 /* Project object */;
}
